
Microsoft Visual Studio Solution File, Format Version 12.00
# Visual Studio Version 16
VisualStudioVersion = 16.0.29709.97
MinimumVisualStudioVersion = 10.0.40219.1
Project("{888888A0-9F3D-457C-B088-3A5042F75D52}") = "Weiss_Schwarz_Online", "Weiss_Schwarz_Online\Weiss_Schwarz_Online.pyproj", "{EDFB64A8-5027-4D5A-9859-47C7BD8DA484}"
EndProject
Global
	GlobalSection(SolutionConfigurationPlatforms) = preSolution
		Debug|Any CPU = Debug|Any CPU
		Release|Any CPU = Release|Any CPU
	EndGlobalSection
	GlobalSection(ProjectConfigurationPlatforms) = postSolution
		{EDFB64A8-5027-4D5A-9859-47C7BD8DA484}.Debug|Any CPU.ActiveCfg = Debug|Any CPU
		{EDFB64A8-5027-4D5A-9859-47C7BD8DA484}.Release|Any CPU.ActiveCfg = Release|Any CPU
	EndGlobalSection
	GlobalSection(SolutionProperties) = preSolution
		HideSolutionNode = FALSE
	EndGlobalSection
	GlobalSection(ExtensibilityGlobals) = postSolution
		SolutionGuid = {5618E622-F111-4EB2-A50E-9E9F2929BFD6}
	EndGlobalSection
EndGlobal
